
Microsoft Visual Studio Solution File, Format Version 12.00
# Visual Studio 15
VisualStudioVersion = 15.0.28307.168
MinimumVisualStudioVersion = 10.0.40219.1
Project("{FAE04EC0-301F-11D3-BF4B-00C04F79EFBC}") = "XingjitangSuite", "XingjitangSuite\XingjitangSuite.csproj", "{715B193A-A765-406C-AAFB-9C9B64AEB322}"
EndProject
Project("{FAE04EC0-301F-11D3-BF4B-00C04F79EFBC}") = "EnvironmentSerialNumber", "EnvironmentSerialNumber\EnvironmentSerialNumber.csproj", "{B7E82A70-E73F-4342-9FB5-15D29A55D1DB}"
EndProject
Global
	GlobalSection(SolutionConfigurationPlatforms) = preSolution
		Debug|Any CPU = Debug|Any CPU
		Release|Any CPU = Release|Any CPU
	EndGlobalSection
	GlobalSection(ProjectConfigurationPlatforms) = postSolution
		{715B193A-A765-406C-AAFB-9C9B64AEB322}.Debug|Any CPU.ActiveCfg = Debug|Any CPU
		{715B193A-A765-406C-AAFB-9C9B64AEB322}.Debug|Any CPU.Build.0 = Debug|Any CPU
		{715B193A-A765-406C-AAFB-9C9B64AEB322}.Release|Any CPU.ActiveCfg = Release|Any CPU
		{715B193A-A765-406C-AAFB-9C9B64AEB322}.Release|Any CPU.Build.0 = Release|Any CPU
		{B7E82A70-E73F-4342-9FB5-15D29A55D1DB}.Debug|Any CPU.ActiveCfg = Debug|Any CPU
		{B7E82A70-E73F-4342-9FB5-15D29A55D1DB}.Debug|Any CPU.Build.0 = Debug|Any CPU
		{B7E82A70-E73F-4342-9FB5-15D29A55D1DB}.Release|Any CPU.ActiveCfg = Release|Any CPU
		{B7E82A70-E73F-4342-9FB5-15D29A55D1DB}.Release|Any CPU.Build.0 = Release|Any CPU
	EndGlobalSection
	GlobalSection(SolutionProperties) = preSolution
		HideSolutionNode = FALSE
	EndGlobalSection
	GlobalSection(ExtensibilityGlobals) = postSolution
		SolutionGuid = {ED9B8FAD-6CDE-44F6-B8EF-8790A27F6B02}
	EndGlobalSection
EndGlobal
